// !$*UTF8*$!
{
	archiveVersion = 1;
	classes = {
	};
	objectVersion = 46;
	objects = {

/* Begin PBXBuildFile section */
		0DBBA12069C5E31E530D177A /* Pods_APODDeskotopImageTests.framework in Frameworks */ = {isa = PBXBuildFile; fileRef = E962108DEA0EB5BB27029E4B /* Pods_APODDeskotopImageTests.framework */; };
		367EEE1E1F8BA54635FD87B1 /* Pods_APODDeskotopImage.framework in Frameworks */ = {isa = PBXBuildFile; fileRef = A2B8C3698025CAFA96E5DF1E /* Pods_APODDeskotopImage.framework */; };
		8B0CE17E1E8B10A600F2B31D /* URLSession-Extension.swift in Sources */ = {isa = PBXBuildFile; fileRef = 8B0CE17D1E8B10A600F2B31D /* URLSession-Extension.swift */; };
		8B0CE1801E8B10B100F2B31D /* Result.swift in Sources */ = {isa = PBXBuildFile; fileRef = 8B0CE17F1E8B10B100F2B31D /* Result.swift */; };
		8B0CE1841E8B1C6600F2B31D /* APIClient.swift in Sources */ = {isa = PBXBuildFile; fileRef = 8B0CE1831E8B1C6600F2B31D /* APIClient.swift */; };
		8B5EA1081E8C52C900F5DA11 /* APODFileManager.swift in Sources */ = {isa = PBXBuildFile; fileRef = 8B5EA1071E8C52C900F5DA11 /* APODFileManager.swift */; };
		8B70219C1E1CB7BD0020083C /* APODImageManagerTests.swift in Sources */ = {isa = PBXBuildFile; fileRef = 8B70219B1E1CB7BD0020083C /* APODImageManagerTests.swift */; };
		8B7E91F11E1AF63100121689 /* AppDelegate.swift in Sources */ = {isa = PBXBuildFile; fileRef = 8B7E91F01E1AF63100121689 /* AppDelegate.swift */; };
		8B7E91F31E1AF63100121689 /* ViewController.swift in Sources */ = {isa = PBXBuildFile; fileRef = 8B7E91F21E1AF63100121689 /* ViewController.swift */; };
		8B7E91F51E1AF63200121689 /* Assets.xcassets in Resources */ = {isa = PBXBuildFile; fileRef = 8B7E91F41E1AF63200121689 /* Assets.xcassets */; };
		8B7E91F81E1AF63300121689 /* Main.storyboard in Resources */ = {isa = PBXBuildFile; fileRef = 8B7E91F61E1AF63300121689 /* Main.storyboard */; };
/* End PBXBuildFile section */

/* Begin PBXContainerItemProxy section */
		8B7E91FF1E1AF63500121689 /* PBXContainerItemProxy */ = {
			isa = PBXContainerItemProxy;
			containerPortal = 8B7E91E51E1AF63100121689 /* Project object */;
			proxyType = 1;
			remoteGlobalIDString = 8B7E91EC1E1AF63100121689;
			remoteInfo = APODDeskotopImage;
		};
/* End PBXContainerItemProxy section */

/* Begin PBXFileReference section */
		01E1C073D50003B744E62FC1 /* Pods-APODDeskotopImage.debug.xcconfig */ = {isa = PBXFileReference; includeInIndex = 1; lastKnownFileType = text.xcconfig; name = "Pods-APODDeskotopImage.debug.xcconfig"; path = "Pods/Target Support Files/Pods-APODDeskotopImage/Pods-APODDeskotopImage.debug.xcconfig"; sourceTree = "<group>"; };
		52D2940E16139C1DD77AAC1A /* Pods-APODDeskotopImageTests.debug.xcconfig */ = {isa = PBXFileReference; includeInIndex = 1; lastKnownFileType = text.xcconfig; name = "Pods-APODDeskotopImageTests.debug.xcconfig"; path = "Pods/Target Support Files/Pods-APODDeskotopImageTests/Pods-APODDeskotopImageTests.debug.xcconfig"; sourceTree = "<group>"; };
		8B0CE17D1E8B10A600F2B31D /* URLSession-Extension.swift */ = {isa = PBXFileReference; fileEncoding = 4; lastKnownFileType = sourcecode.swift; path = "URLSession-Extension.swift"; sourceTree = "<group>"; };
		8B0CE17F1E8B10B100F2B31D /* Result.swift */ = {isa = PBXFileReference; fileEncoding = 4; lastKnownFileType = sourcecode.swift; path = Result.swift; sourceTree = "<group>"; };
		8B0CE1831E8B1C6600F2B31D /* APIClient.swift */ = {isa = PBXFileReference; fileEncoding = 4; lastKnownFileType = sourcecode.swift; path = APIClient.swift; sourceTree = "<group>"; };
		8B5EA1071E8C52C900F5DA11 /* APODFileManager.swift */ = {isa = PBXFileReference; fileEncoding = 4; lastKnownFileType = sourcecode.swift; path = APODFileManager.swift; sourceTree = "<group>"; };
		8B70219B1E1CB7BD0020083C /* APODImageManagerTests.swift */ = {isa = PBXFileReference; fileEncoding = 4; lastKnownFileType = sourcecode.swift; path = APODImageManagerTests.swift; sourceTree = "<group>"; };
		8B7E91ED1E1AF63100121689 /* APODDesktopImage.app */ = {isa = PBXFileReference; explicitFileType = wrapper.application; includeInIndex = 0; path = APODDesktopImage.app; sourceTree = BUILT_PRODUCTS_DIR; };
		8B7E91F01E1AF63100121689 /* AppDelegate.swift */ = {isa = PBXFileReference; lastKnownFileType = sourcecode.swift; path = AppDelegate.swift; sourceTree = "<group>"; };
		8B7E91F21E1AF63100121689 /* ViewController.swift */ = {isa = PBXFileReference; lastKnownFileType = sourcecode.swift; path = ViewController.swift; sourceTree = "<group>"; };
		8B7E91F41E1AF63200121689 /* Assets.xcassets */ = {isa = PBXFileReference; lastKnownFileType = folder.assetcatalog; path = Assets.xcassets; sourceTree = "<group>"; };
		8B7E91F71E1AF63300121689 /* Base */ = {isa = PBXFileReference; lastKnownFileType = file.storyboard; name = Base; path = Base.lproj/Main.storyboard; sourceTree = "<group>"; };
		8B7E91F91E1AF63300121689 /* Info.plist */ = {isa = PBXFileReference; lastKnownFileType = text.plist.xml; path = Info.plist; sourceTree = "<group>"; };
		8B7E91FE1E1AF63500121689 /* APODDesktopImageTests.xctest */ = {isa = PBXFileReference; explicitFileType = wrapper.cfbundle; includeInIndex = 0; path = APODDesktopImageTests.xctest; sourceTree = BUILT_PRODUCTS_DIR; };
		8B7E92041E1AF63500121689 /* Info.plist */ = {isa = PBXFileReference; lastKnownFileType = text.plist.xml; path = Info.plist; sourceTree = "<group>"; };
		A2B8C3698025CAFA96E5DF1E /* Pods_APODDeskotopImage.framework */ = {isa = PBXFileReference; explicitFileType = wrapper.framework; includeInIndex = 0; path = Pods_APODDeskotopImage.framework; sourceTree = BUILT_PRODUCTS_DIR; };
		AAD379365603FB5CF0402541 /* Pods-APODDeskotopImageTests.release.xcconfig */ = {isa = PBXFileReference; includeInIndex = 1; lastKnownFileType = text.xcconfig; name = "Pods-APODDeskotopImageTests.release.xcconfig"; path = "Pods/Target Support Files/Pods-APODDeskotopImageTests/Pods-APODDeskotopImageTests.release.xcconfig"; sourceTree = "<group>"; };
		DDA553C19719B97B48E18E10 /* Pods-APODDeskotopImage.release.xcconfig */ = {isa = PBXFileReference; includeInIndex = 1; lastKnownFileType = text.xcconfig; name = "Pods-APODDeskotopImage.release.xcconfig"; path = "Pods/Target Support Files/Pods-APODDeskotopImage/Pods-APODDeskotopImage.release.xcconfig"; sourceTree = "<group>"; };
		E962108DEA0EB5BB27029E4B /* Pods_APODDeskotopImageTests.framework */ = {isa = PBXFileReference; explicitFileType = wrapper.framework; includeInIndex = 0; path = Pods_APODDeskotopImageTests.framework; sourceTree = BUILT_PRODUCTS_DIR; };
/* End PBXFileReference section */

/* Begin PBXFrameworksBuildPhase section */
		8B7E91EA1E1AF63100121689 /* Frameworks */ = {
			isa = PBXFrameworksBuildPhase;
			buildActionMask = 2147483647;
			files = (
				367EEE1E1F8BA54635FD87B1 /* Pods_APODDeskotopImage.framework in Frameworks */,
			);
			runOnlyForDeploymentPostprocessing = 0;
		};
		8B7E91FB1E1AF63500121689 /* Frameworks */ = {
			isa = PBXFrameworksBuildPhase;
			buildActionMask = 2147483647;
			files = (
				0DBBA12069C5E31E530D177A /* Pods_APODDeskotopImageTests.framework in Frameworks */,
			);
			runOnlyForDeploymentPostprocessing = 0;
		};
/* End PBXFrameworksBuildPhase section */

/* Begin PBXGroup section */
		03318B37B2707985327E1CB1 /* Pods */ = {
			isa = PBXGroup;
			children = (
				01E1C073D50003B744E62FC1 /* Pods-APODDeskotopImage.debug.xcconfig */,
				DDA553C19719B97B48E18E10 /* Pods-APODDeskotopImage.release.xcconfig */,
				52D2940E16139C1DD77AAC1A /* Pods-APODDeskotopImageTests.debug.xcconfig */,
				AAD379365603FB5CF0402541 /* Pods-APODDeskotopImageTests.release.xcconfig */,
			);
			name = Pods;
			sourceTree = "<group>";
		};
		8B0CE1811E8B10B900F2B31D /* Tools */ = {
			isa = PBXGroup;
			children = (
				8B0CE1821E8B10BF00F2B31D /* Extensions */,
				8B0CE17F1E8B10B100F2B31D /* Result.swift */,
			);
			name = Tools;
			sourceTree = "<group>";
		};
		8B0CE1821E8B10BF00F2B31D /* Extensions */ = {
			isa = PBXGroup;
			children = (
				8B0CE17D1E8B10A600F2B31D /* URLSession-Extension.swift */,
			);
			name = Extensions;
			sourceTree = "<group>";
		};
		8B7E91E41E1AF63000121689 = {
			isa = PBXGroup;
			children = (
				8B7E91EF1E1AF63100121689 /* APODDesktopImage */,
				8B7E92011E1AF63500121689 /* APODDeskotopImageTests */,
				8B7E91EE1E1AF63100121689 /* Products */,
				03318B37B2707985327E1CB1 /* Pods */,
				A97000A412EB6DDF4CB4AF22 /* Frameworks */,
			);
			sourceTree = "<group>";
		};
		8B7E91EE1E1AF63100121689 /* Products */ = {
			isa = PBXGroup;
			children = (
				8B7E91ED1E1AF63100121689 /* APODDesktopImage.app */,
				8B7E91FE1E1AF63500121689 /* APODDesktopImageTests.xctest */,
			);
			name = Products;
			sourceTree = "<group>";
		};
		8B7E91EF1E1AF63100121689 /* APODDesktopImage */ = {
			isa = PBXGroup;
			children = (
				8B7E91F01E1AF63100121689 /* AppDelegate.swift */,
				8B7E91F21E1AF63100121689 /* ViewController.swift */,
				8B5EA1071E8C52C900F5DA11 /* APODFileManager.swift */,
				8B0CE1831E8B1C6600F2B31D /* APIClient.swift */,
				8B0CE1811E8B10B900F2B31D /* Tools */,
				8B7E91F41E1AF63200121689 /* Assets.xcassets */,
				8B7E91F61E1AF63300121689 /* Main.storyboard */,
				8B7E91F91E1AF63300121689 /* Info.plist */,
			);
			name = APODDesktopImage;
			path = APODDeskotopImage;
			sourceTree = "<group>";
		};
		8B7E92011E1AF63500121689 /* APODDeskotopImageTests */ = {
			isa = PBXGroup;
			children = (
				8B7E92041E1AF63500121689 /* Info.plist */,
				8B70219B1E1CB7BD0020083C /* APODImageManagerTests.swift */,
			);
			path = APODDeskotopImageTests;
			sourceTree = "<group>";
		};
		A97000A412EB6DDF4CB4AF22 /* Frameworks */ = {
			isa = PBXGroup;
			children = (
				A2B8C3698025CAFA96E5DF1E /* Pods_APODDeskotopImage.framework */,
				E962108DEA0EB5BB27029E4B /* Pods_APODDeskotopImageTests.framework */,
			);
			name = Frameworks;
			sourceTree = "<group>";
		};
/* End PBXGroup section */

/* Begin PBXNativeTarget section */
		8B7E91EC1E1AF63100121689 /* APODDesktopImage */ = {
			isa = PBXNativeTarget;
			buildConfigurationList = 8B7E92071E1AF63500121689 /* Build configuration list for PBXNativeTarget "APODDesktopImage" */;
			buildPhases = (
				7B4E01BE70EF8DFB553F95C7 /* [CP] Check Pods Manifest.lock */,
				8B7E91E91E1AF63100121689 /* Sources */,
				8B7E91EA1E1AF63100121689 /* Frameworks */,
				8B7E91EB1E1AF63100121689 /* Resources */,
				46FEB78EABA37433A39A23BC /* [CP] Embed Pods Frameworks */,
				8B978CD812A24B68A905844F /* [CP] Copy Pods Resources */,
			);
			buildRules = (
			);
			dependencies = (
			);
			name = APODDesktopImage;
			productName = APODDeskotopImage;
			productReference = 8B7E91ED1E1AF63100121689 /* APODDesktopImage.app */;
			productType = "com.apple.product-type.application";
		};
		8B7E91FD1E1AF63500121689 /* APODDesktopImageTests */ = {
			isa = PBXNativeTarget;
			buildConfigurationList = 8B7E920A1E1AF63500121689 /* Build configuration list for PBXNativeTarget "APODDesktopImageTests" */;
			buildPhases = (
				1322294E099F8FEFE69BE7E7 /* [CP] Check Pods Manifest.lock */,
				8B7E91FA1E1AF63500121689 /* Sources */,
				8B7E91FB1E1AF63500121689 /* Frameworks */,
				8B7E91FC1E1AF63500121689 /* Resources */,
				F199A991F13CBF74741D8D0D /* [CP] Embed Pods Frameworks */,
				CCC0B64296570298F397EEB9 /* [CP] Copy Pods Resources */,
			);
			buildRules = (
			);
			dependencies = (
				8B7E92001E1AF63500121689 /* PBXTargetDependency */,
			);
			name = APODDesktopImageTests;
			productName = APODDeskotopImageTests;
			productReference = 8B7E91FE1E1AF63500121689 /* APODDesktopImageTests.xctest */;
			productType = "com.apple.product-type.bundle.unit-test";
		};
/* End PBXNativeTarget section */

/* Begin PBXProject section */
		8B7E91E51E1AF63100121689 /* Project object */ = {
			isa = PBXProject;
			attributes = {
				LastSwiftUpdateCheck = 0820;
				LastUpgradeCheck = 0830;
				ORGANIZATIONNAME = Richard;
				TargetAttributes = {
					8B7E91EC1E1AF63100121689 = {
						CreatedOnToolsVersion = 8.2.1;
						DevelopmentTeam = 9WA7X7DV9W;
						ProvisioningStyle = Automatic;
					};
					8B7E91FD1E1AF63500121689 = {
						CreatedOnToolsVersion = 8.2.1;
						DevelopmentTeam = 9WA7X7DV9W;
						LastSwiftMigration = 0820;
						ProvisioningStyle = Automatic;
						TestTargetID = 8B7E91EC1E1AF63100121689;
					};
				};
			};
			buildConfigurationList = 8B7E91E81E1AF63100121689 /* Build configuration list for PBXProject "APODDesktopImage" */;
			compatibilityVersion = "Xcode 3.2";
			developmentRegion = English;
			hasScannedForEncodings = 0;
			knownRegions = (
				en,
				Base,
			);
			mainGroup = 8B7E91E41E1AF63000121689;
			productRefGroup = 8B7E91EE1E1AF63100121689 /* Products */;
			projectDirPath = "";
			projectRoot = "";
			targets = (
				8B7E91EC1E1AF63100121689 /* APODDesktopImage */,
				8B7E91FD1E1AF63500121689 /* APODDesktopImageTests */,
			);
		};
/* End PBXProject section */

/* Begin PBXResourcesBuildPhase section */
		8B7E91EB1E1AF63100121689 /* Resources */ = {
			isa = PBXResourcesBuildPhase;
			buildActionMask = 2147483647;
			files = (
				8B7E91F51E1AF63200121689 /* Assets.xcassets in Resources */,
				8B7E91F81E1AF63300121689 /* Main.storyboard in Resources */,
			);
			runOnlyForDeploymentPostprocessing = 0;
		};
		8B7E91FC1E1AF63500121689 /* Resources */ = {
			isa = PBXResourcesBuildPhase;
			buildActionMask = 2147483647;
			files = (
			);
			runOnlyForDeploymentPostprocessing = 0;
		};
/* End PBXResourcesBuildPhase section */

/* Begin PBXShellScriptBuildPhase section */
		1322294E099F8FEFE69BE7E7 /* [CP] Check Pods Manifest.lock */ = {
			isa = PBXShellScriptBuildPhase;
			buildActionMask = 2147483647;
			files = (
			);
			inputPaths = (
			);
			name = "[CP] Check Pods Manifest.lock";
			outputPaths = (
			);
			runOnlyForDeploymentPostprocessing = 0;
			shellPath = /bin/sh;
			shellScript = "diff \"${PODS_ROOT}/../Podfile.lock\" \"${PODS_ROOT}/Manifest.lock\" > /dev/null\nif [ $? != 0 ] ; then\n    # print error to STDERR\n    echo \"error: The sandbox is not in sync with the Podfile.lock. Run 'pod install' or update your CocoaPods installation.\" >&2\n    exit 1\nfi\n";
			showEnvVarsInLog = 0;
		};
		46FEB78EABA37433A39A23BC /* [CP] Embed Pods Frameworks */ = {
			isa = PBXShellScriptBuildPhase;
			buildActionMask = 2147483647;
			files = (
			);
			inputPaths = (
			);
			name = "[CP] Embed Pods Frameworks";
			outputPaths = (
			);
			runOnlyForDeploymentPostprocessing = 0;
			shellPath = /bin/sh;
			shellScript = "\"${SRCROOT}/Pods/Target Support Files/Pods-APODDeskotopImage/Pods-APODDeskotopImage-frameworks.sh\"\n";
			showEnvVarsInLog = 0;
		};
		7B4E01BE70EF8DFB553F95C7 /* [CP] Check Pods Manifest.lock */ = {
			isa = PBXShellScriptBuildPhase;
			buildActionMask = 2147483647;
			files = (
			);
			inputPaths = (
			);
			name = "[CP] Check Pods Manifest.lock";
			outputPaths = (
			);
			runOnlyForDeploymentPostprocessing = 0;
			shellPath = /bin/sh;
			shellScript = "diff \"${PODS_ROOT}/../Podfile.lock\" \"${PODS_ROOT}/Manifest.lock\" > /dev/null\nif [ $? != 0 ] ; then\n    # print error to STDERR\n    echo \"error: The sandbox is not in sync with the Podfile.lock. Run 'pod install' or update your CocoaPods installation.\" >&2\n    exit 1\nfi\n";
			showEnvVarsInLog = 0;
		};
		8B978CD812A24B68A905844F /* [CP] Copy Pods Resources */ = {
			isa = PBXShellScriptBuildPhase;
			buildActionMask = 2147483647;
			files = (
			);
			inputPaths = (
			);
			name = "[CP] Copy Pods Resources";
			outputPaths = (
			);
			runOnlyForDeploymentPostprocessing = 0;
			shellPath = /bin/sh;
			shellScript = "\"${SRCROOT}/Pods/Target Support Files/Pods-APODDeskotopImage/Pods-APODDeskotopImage-resources.sh\"\n";
			showEnvVarsInLog = 0;
		};
		CCC0B64296570298F397EEB9 /* [CP] Copy Pods Resources */ = {
			isa = PBXShellScriptBuildPhase;
			buildActionMask = 2147483647;
			files = (
			);
			inputPaths = (
			);
			name = "[CP] Copy Pods Resources";
			outputPaths = (
			);
			runOnlyForDeploymentPostprocessing = 0;
			shellPath = /bin/sh;
			shellScript = "\"${SRCROOT}/Pods/Target Support Files/Pods-APODDeskotopImageTests/Pods-APODDeskotopImageTests-resources.sh\"\n";
			showEnvVarsInLog = 0;
		};
		F199A991F13CBF74741D8D0D /* [CP] Embed Pods Frameworks */ = {
			isa = PBXShellScriptBuildPhase;
			buildActionMask = 2147483647;
			files = (
			);
			inputPaths = (
			);
			name = "[CP] Embed Pods Frameworks";
			outputPaths = (
			);
			runOnlyForDeploymentPostprocessing = 0;
			shellPath = /bin/sh;
			shellScript = "\"${SRCROOT}/Pods/Target Support Files/Pods-APODDeskotopImageTests/Pods-APODDeskotopImageTests-frameworks.sh\"\n";
			showEnvVarsInLog = 0;
		};
/* End PBXShellScriptBuildPhase section */

/* Begin PBXSourcesBuildPhase section */
		8B7E91E91E1AF63100121689 /* Sources */ = {
			isa = PBXSourcesBuildPhase;
			buildActionMask = 2147483647;
			files = (
				8B7E91F31E1AF63100121689 /* ViewController.swift in Sources */,
				8B0CE1801E8B10B100F2B31D /* Result.swift in Sources */,
				8B5EA1081E8C52C900F5DA11 /* APODFileManager.swift in Sources */,
				8B7E91F11E1AF63100121689 /* AppDelegate.swift in Sources */,
				8B0CE17E1E8B10A600F2B31D /* URLSession-Extension.swift in Sources */,
				8B0CE1841E8B1C6600F2B31D /* APIClient.swift in Sources */,
			);
			runOnlyForDeploymentPostprocessing = 0;
		};
		8B7E91FA1E1AF63500121689 /* Sources */ = {
			isa = PBXSourcesBuildPhase;
			buildActionMask = 2147483647;
			files = (
				8B70219C1E1CB7BD0020083C /* APODImageManagerTests.swift in Sources */,
			);
			runOnlyForDeploymentPostprocessing = 0;
		};
/* End PBXSourcesBuildPhase section */

/* Begin PBXTargetDependency section */
		8B7E92001E1AF63500121689 /* PBXTargetDependency */ = {
			isa = PBXTargetDependency;
			target = 8B7E91EC1E1AF63100121689 /* APODDesktopImage */;
			targetProxy = 8B7E91FF1E1AF63500121689 /* PBXContainerItemProxy */;
		};
/* End PBXTargetDependency section */

/* Begin PBXVariantGroup section */
		8B7E91F61E1AF63300121689 /* Main.storyboard */ = {
			isa = PBXVariantGroup;
			children = (
				8B7E91F71E1AF63300121689 /* Base */,
			);
			name = Main.storyboard;
			sourceTree = "<group>";
		};
/* End PBXVariantGroup section */

/* Begin XCBuildConfiguration section */
		8B7E92051E1AF63500121689 /* Debug */ = {
			isa = XCBuildConfiguration;
			buildSettings = {
				ALWAYS_SEARCH_USER_PATHS = NO;
				CLANG_ANALYZER_NONNULL = YES;
				CLANG_CXX_LANGUAGE_STANDARD = "gnu++0x";
				CLANG_CXX_LIBRARY = "libc++";
				CLANG_ENABLE_MODULES = YES;
				CLANG_ENABLE_OBJC_ARC = YES;
				CLANG_WARN_BOOL_CONVERSION = YES;
				CLANG_WARN_CONSTANT_CONVERSION = YES;
				CLANG_WARN_DIRECT_OBJC_ISA_USAGE = YES_ERROR;
				CLANG_WARN_DOCUMENTATION_COMMENTS = YES;
				CLANG_WARN_EMPTY_BODY = YES;
				CLANG_WARN_ENUM_CONVERSION = YES;
				CLANG_WARN_INFINITE_RECURSION = YES;
				CLANG_WARN_INT_CONVERSION = YES;
				CLANG_WARN_OBJC_ROOT_CLASS = YES_ERROR;
				CLANG_WARN_SUSPICIOUS_MOVE = YES;
				CLANG_WARN_UNREACHABLE_CODE = YES;
				CLANG_WARN__DUPLICATE_METHOD_MATCH = YES;
				CODE_SIGN_IDENTITY = "-";
				COPY_PHASE_STRIP = NO;
				DEBUG_INFORMATION_FORMAT = dwarf;
				ENABLE_STRICT_OBJC_MSGSEND = YES;
				ENABLE_TESTABILITY = YES;
				GCC_C_LANGUAGE_STANDARD = gnu99;
				GCC_DYNAMIC_NO_PIC = NO;
				GCC_NO_COMMON_BLOCKS = YES;
				GCC_OPTIMIZATION_LEVEL = 0;
				GCC_PREPROCESSOR_DEFINITIONS = (
					"DEBUG=1",
					"$(inherited)",
				);
				GCC_WARN_64_TO_32_BIT_CONVERSION = YES;
				GCC_WARN_ABOUT_RETURN_TYPE = YES_ERROR;
				GCC_WARN_UNDECLARED_SELECTOR = YES;
				GCC_WARN_UNINITIALIZED_AUTOS = YES_AGGRESSIVE;
				GCC_WARN_UNUSED_FUNCTION = YES;
				GCC_WARN_UNUSED_VARIABLE = YES;
				MACOSX_DEPLOYMENT_TARGET = 10.12;
				MTL_ENABLE_DEBUG_INFO = YES;
				ONLY_ACTIVE_ARCH = YES;
				SDKROOT = macosx;
				SWIFT_ACTIVE_COMPILATION_CONDITIONS = DEBUG;
				SWIFT_OPTIMIZATION_LEVEL = "-Onone";
			};
			name = Debug;
		};
		8B7E92061E1AF63500121689 /* Release */ = {
			isa = XCBuildConfiguration;
			buildSettings = {
				ALWAYS_SEARCH_USER_PATHS = NO;
				CLANG_ANALYZER_NONNULL = YES;
				CLANG_CXX_LANGUAGE_STANDARD = "gnu++0x";
				CLANG_CXX_LIBRARY = "libc++";
				CLANG_ENABLE_MODULES = YES;
				CLANG_ENABLE_OBJC_ARC = YES;
				CLANG_WARN_BOOL_CONVERSION = YES;
				CLANG_WARN_CONSTANT_CONVERSION = YES;
				CLANG_WARN_DIRECT_OBJC_ISA_USAGE = YES_ERROR;
				CLANG_WARN_DOCUMENTATION_COMMENTS = YES;
				CLANG_WARN_EMPTY_BODY = YES;
				CLANG_WARN_ENUM_CONVERSION = YES;
				CLANG_WARN_INFINITE_RECURSION = YES;
				CLANG_WARN_INT_CONVERSION = YES;
				CLANG_WARN_OBJC_ROOT_CLASS = YES_ERROR;
				CLANG_WARN_SUSPICIOUS_MOVE = YES;
				CLANG_WARN_UNREACHABLE_CODE = YES;
				CLANG_WARN__DUPLICATE_METHOD_MATCH = YES;
				CODE_SIGN_IDENTITY = "-";
				COPY_PHASE_STRIP = NO;
				DEBUG_INFORMATION_FORMAT = "dwarf-with-dsym";
				ENABLE_NS_ASSERTIONS = NO;
				ENABLE_STRICT_OBJC_MSGSEND = YES;
				GCC_C_LANGUAGE_STANDARD = gnu99;
				GCC_NO_COMMON_BLOCKS = YES;
				GCC_WARN_64_TO_32_BIT_CONVERSION = YES;
				GCC_WARN_ABOUT_RETURN_TYPE = YES_ERROR;
				GCC_WARN_UNDECLARED_SELECTOR = YES;
				GCC_WARN_UNINITIALIZED_AUTOS = YES_AGGRESSIVE;
				GCC_WARN_UNUSED_FUNCTION = YES;
				GCC_WARN_UNUSED_VARIABLE = YES;
				MACOSX_DEPLOYMENT_TARGET = 10.12;
				MTL_ENABLE_DEBUG_INFO = NO;
				SDKROOT = macosx;
				SWIFT_OPTIMIZATION_LEVEL = "-Owholemodule";
			};
			name = Release;
		};
		8B7E92081E1AF63500121689 /* Debug */ = {
			isa = XCBuildConfiguration;
			baseConfigurationReference = 01E1C073D50003B744E62FC1 /* Pods-APODDeskotopImage.debug.xcconfig */;
			buildSettings = {
				ALWAYS_EMBED_SWIFT_STANDARD_LIBRARIES = YES;
				ASSETCATALOG_COMPILER_APPICON_NAME = AppIcon;
				COMBINE_HIDPI_IMAGES = YES;
				DEVELOPMENT_TEAM = 9WA7X7DV9W;
				INFOPLIST_FILE = APODDeskotopImage/Info.plist;
				LD_RUNPATH_SEARCH_PATHS = "$(inherited) @executable_path/../Frameworks";
				PRODUCT_BUNDLE_IDENTIFIER = com.richardash.APODDeskotopImage;
				PRODUCT_NAME = "$(TARGET_NAME)";
				SWIFT_VERSION = 3.0;
			};
			name = Debug;
		};
		8B7E92091E1AF63500121689 /* Release */ = {
			isa = XCBuildConfiguration;
			baseConfigurationReference = DDA553C19719B97B48E18E10 /* Pods-APODDeskotopImage.release.xcconfig */;
			buildSettings = {
				ALWAYS_EMBED_SWIFT_STANDARD_LIBRARIES = YES;
				ASSETCATALOG_COMPILER_APPICON_NAME = AppIcon;
				COMBINE_HIDPI_IMAGES = YES;
				DEVELOPMENT_TEAM = 9WA7X7DV9W;
				INFOPLIST_FILE = APODDeskotopImage/Info.plist;
				LD_RUNPATH_SEARCH_PATHS = "$(inherited) @executable_path/../Frameworks";
				PRODUCT_BUNDLE_IDENTIFIER = com.richardash.APODDeskotopImage;
				PRODUCT_NAME = "$(TARGET_NAME)";
				SWIFT_VERSION = 3.0;
			};
			name = Release;
		};
		8B7E920B1E1AF63500121689 /* Debug */ = {
			isa = XCBuildConfiguration;
			baseConfigurationReference = 52D2940E16139C1DD77AAC1A /* Pods-APODDeskotopImageTests.debug.xcconfig */;
			buildSettings = {
				ALWAYS_EMBED_SWIFT_STANDARD_LIBRARIES = YES;
				BUNDLE_LOADER = "$(TEST_HOST)";
				CLANG_ENABLE_MODULES = YES;
				COMBINE_HIDPI_IMAGES = YES;
				DEVELOPMENT_TEAM = 9WA7X7DV9W;
				INFOPLIST_FILE = APODDeskotopImageTests/Info.plist;
				LD_RUNPATH_SEARCH_PATHS = "$(inherited) @executable_path/../Frameworks @loader_path/../Frameworks";
				PRODUCT_BUNDLE_IDENTIFIER = com.richardash.APODDeskotopImageTests;
				PRODUCT_NAME = "$(TARGET_NAME)";
				SWIFT_OPTIMIZATION_LEVEL = "-Onone";
				SWIFT_VERSION = 3.0;
				TEST_HOST = "$(BUILT_PRODUCTS_DIR)/APODDesktopImage.app/Contents/MacOS/APODDesktopImage";
			};
			name = Debug;
		};
		8B7E920C1E1AF63500121689 /* Release */ = {
			isa = XCBuildConfiguration;
			baseConfigurationReference = AAD379365603FB5CF0402541 /* Pods-APODDeskotopImageTests.release.xcconfig */;
			buildSettings = {
				ALWAYS_EMBED_SWIFT_STANDARD_LIBRARIES = YES;
				BUNDLE_LOADER = "$(TEST_HOST)";
				CLANG_ENABLE_MODULES = YES;
				COMBINE_HIDPI_IMAGES = YES;
				DEVELOPMENT_TEAM = 9WA7X7DV9W;
				INFOPLIST_FILE = APODDeskotopImageTests/Info.plist;
				LD_RUNPATH_SEARCH_PATHS = "$(inherited) @executable_path/../Frameworks @loader_path/../Frameworks";
				PRODUCT_BUNDLE_IDENTIFIER = com.richardash.APODDeskotopImageTests;
				PRODUCT_NAME = "$(TARGET_NAME)";
				SWIFT_VERSION = 3.0;
				TEST_HOST = "$(BUILT_PRODUCTS_DIR)/APODDesktopImage.app/Contents/MacOS/APODDesktopImage";
			};
			name = Release;
		};
/* End XCBuildConfiguration section */

/* Begin XCConfigurationList section */
		8B7E91E81E1AF63100121689 /* Build configuration list for PBXProject "APODDesktopImage" */ = {
			isa = XCConfigurationList;
			buildConfigurations = (
				8B7E92051E1AF63500121689 /* Debug */,
				8B7E92061E1AF63500121689 /* Release */,
			);
			defaultConfigurationIsVisible = 0;
			defaultConfigurationName = Release;
		};
		8B7E92071E1AF63500121689 /* Build configuration list for PBXNativeTarget "APODDesktopImage" */ = {
			isa = XCConfigurationList;
			buildConfigurations = (
				8B7E92081E1AF63500121689 /* Debug */,
				8B7E92091E1AF63500121689 /* Release */,
			);
			defaultConfigurationIsVisible = 0;
			defaultConfigurationName = Release;
		};
		8B7E920A1E1AF63500121689 /* Build configuration list for PBXNativeTarget "APODDesktopImageTests" */ = {
			isa = XCConfigurationList;
			buildConfigurations = (
				8B7E920B1E1AF63500121689 /* Debug */,
				8B7E920C1E1AF63500121689 /* Release */,
			);
			defaultConfigurationIsVisible = 0;
			defaultConfigurationName = Release;
		};
/* End XCConfigurationList section */
	};
	rootObject = 8B7E91E51E1AF63100121689 /* Project object */;
}
